
Microsoft Visual Studio Solution File, Format Version 12.00
# Visual Studio 14
VisualStudioVersion = 14.0.25420.1
MinimumVisualStudioVersion = 10.0.40219.1
Project("{FAE04EC0-301F-11D3-BF4B-00C04F79EFBC}") = "PowerForensics", "src\PowerForensics\PowerForensics.csproj", "{ECFF40C5-390E-4811-9254-287AAF4F2A30}"
EndProject
Project("{8BB2217D-0F2D-49D1-97BC-3654ED321F3B}") = "PowerForensicsCore", "src\PowerForensicsCore\PowerForensicsCore.xproj", "{56E762C6-B70A-4B13-8745-25B9E1F7C23F}"
EndProject
Global
	GlobalSection(SolutionConfigurationPlatforms) = preSolution
		Debug|Any CPU = Debug|Any CPU
		Release|Any CPU = Release|Any CPU
	EndGlobalSection
	GlobalSection(ProjectConfigurationPlatforms) = postSolution
		{ECFF40C5-390E-4811-9254-287AAF4F2A30}.Debug|Any CPU.ActiveCfg = Debug|Any CPU
		{ECFF40C5-390E-4811-9254-287AAF4F2A30}.Debug|Any CPU.Build.0 = Debug|Any CPU
		{ECFF40C5-390E-4811-9254-287AAF4F2A30}.Release|Any CPU.ActiveCfg = Release|Any CPU
		{ECFF40C5-390E-4811-9254-287AAF4F2A30}.Release|Any CPU.Build.0 = Release|Any CPU
		{56E762C6-B70A-4B13-8745-25B9E1F7C23F}.Debug|Any CPU.ActiveCfg = Debug|Any CPU
		{56E762C6-B70A-4B13-8745-25B9E1F7C23F}.Debug|Any CPU.Build.0 = Debug|Any CPU
		{56E762C6-B70A-4B13-8745-25B9E1F7C23F}.Release|Any CPU.ActiveCfg = Release|Any CPU
		{56E762C6-B70A-4B13-8745-25B9E1F7C23F}.Release|Any CPU.Build.0 = Release|Any CPU
	EndGlobalSection
	GlobalSection(SolutionProperties) = preSolution
		HideSolutionNode = FALSE
	EndGlobalSection
EndGlobal
